# THIS IS AN AUTOGENERATED FILE. DO NOT EDIT THIS FILE DIRECTLY.
# yarn lockfile v1


ansi-styles@^3.2.1:
  version "3.2.1"
  resolved "https://martifactory.io/api/npm/virtual-npm/ansi-styles/-/ansi-styles-3.2.1.tgz#41fbb20243e50b12be0f04b8dedbf07520ce841d"
  integrity sha1-QfuyAkPlCxK+DwS43tvwdSDOhB0=
  dependencies:
    color-convert "^1.9.0"

array-union@^1.0.1:
  version "1.0.2"
  resolved "https://martifactory.io/api/npm/virtual-npm/array-union/-/array-union-1.0.2.tgz#9a34410e4f4e3da23dea375be5be70f24778ec39"
  integrity sha1-mjRBDk9OPaI96jdb5b5w8kd47Dk=
  dependencies:
    array-uniq "^1.0.1"

array-uniq@^1.0.1:
  version "1.0.3"
  resolved "https://martifactory.io/api/npm/virtual-npm/array-uniq/-/array-uniq-1.0.3.tgz#af6ac877a25cc7f74e058894753858dfdb24fdb6"
  integrity sha1-r2rId6Jcx/dOBYiUdThY39sk/bY=

async@^2.6.1:
  version "2.6.1"
  resolved "https://registry.yarnpkg.com/async/-/async-2.6.1.tgz#b245a23ca71930044ec53fa46aa00a3e87c6a610"
  integrity sha1-skWiPKcZMAROxT+kaqAKPofGphA=
  dependencies:
    lodash "^4.17.10"

balanced-match@^1.0.0:
  version "1.0.0"
  resolved "https://martifactory.io/api/npm/virtual-npm/balanced-match/-/balanced-match-1.0.0.tgz#89b4d199ab2bee49de164ea02b89ce462d71b767"
  integrity sha1-ibTRmasr7kneFk6gK4nORi1xt2c=

brace-expansion@^1.1.7:
  version "1.1.11"
  resolved "https://martifactory.io/api/npm/virtual-npm/brace-expansion/-/brace-expansion-1.1.11.tgz#3c7fcbf529d87226f3d2f52b966ff5271eb441dd"
  integrity sha1-PH/L9SnYcibz0vUrlm/1Jx60Qd0=
  dependencies:
    balanced-match "^1.0.0"
    concat-map "0.0.1"

chalk@^2.4.1:
  version "2.4.1"
  resolved "https://martifactory.io/api/npm/virtual-npm/chalk/-/chalk-2.4.1.tgz#18c49ab16a037b6eb0152cc83e3471338215b66e"
  integrity sha1-GMSasWoDe26wFSzIPjRxM4IVtm4=
  dependencies:
    ansi-styles "^3.2.1"
    escape-string-regexp "^1.0.5"
    supports-color "^5.3.0"

color-convert@^1.9.0:
  version "1.9.3"
  resolved "https://martifactory.io/api/npm/virtual-npm/color-convert/-/color-convert-1.9.3.tgz#bb71850690e1f136567de629d2d5471deda4c1e8"
  integrity sha1-u3GFBpDh8TZWfeYp0tVHHe2kweg=
  dependencies:
    color-name "1.1.3"

color-name@1.1.3:
  version "1.1.3"
  resolved "https://martifactory.io/api/npm/virtual-npm/color-name/-/color-name-1.1.3.tgz#a7d0558bd89c42f795dd42328f740831ca53bc25"
  integrity sha1-p9BVi9icQveV3UIyj3QIMcpTvCU=

commander@^2.18.0:
  version "2.18.0"
  resolved "https://registry.yarnpkg.com/commander/-/commander-2.18.0.tgz#2bf063ddee7c7891176981a2cc798e5754bc6970"
  integrity sha1-K/Bj3e58eJEXaYGizHmOV1S8aXA=

concat-map@0.0.1:
  version "0.0.1"
  resolved "https://martifactory.io/api/npm/virtual-npm/concat-map/-/concat-map-0.0.1.tgz#d8a96bd77fd68df7793a73036a3ba0d5405d477b"
  integrity sha1-2Klr13/Wjfd5OnMDajug1UBdR3s=

email-addresses@^3.0.1:
  version "3.0.2"
  resolved "https://registry.yarnpkg.com/email-addresses/-/email-addresses-3.0.2.tgz#a31280d19baf86669840a0aa45be1d7f6e7df315"
  integrity sha1-oxKA0ZuvhmaYQKCqRb4df2598xU=

escape-string-regexp@^1.0.2, escape-string-regexp@^1.0.5:
  version "1.0.5"
  resolved "https://martifactory.io/api/npm/virtual-npm/escape-string-regexp/-/escape-string-regexp-1.0.5.tgz#1b61c0562190a8dff6ae3bb2cf0200ca130b86d4"
  integrity sha1-G2HAViGQqN/2rjuyzwIAyhMLhtQ=

filename-reserved-regex@^1.0.0:
  version "1.0.0"
  resolved "https://martifactory.io/api/npm/virtual-npm/filename-reserved-regex/-/filename-reserved-regex-1.0.0.tgz#e61cf805f0de1c984567d0386dc5df50ee5af7e4"
  integrity sha1-5hz4BfDeHJhFZ9A4bcXfUO5a9+Q=

filenamify-url@^1.0.0:
  version "1.0.0"
  resolved "https://martifactory.io/api/npm/virtual-npm/filenamify-url/-/filenamify-url-1.0.0.tgz#b32bd81319ef5863b73078bed50f46a4f7975f50"
  integrity sha1-syvYExnvWGO3MHi+1Q9GpPeXX1A=
  dependencies:
    filenamify "^1.0.0"
    humanize-url "^1.0.0"

filenamify@^1.0.0:
  version "1.2.1"
  resolved "https://martifactory.io/api/npm/virtual-npm/filenamify/-/filenamify-1.2.1.tgz#a9f2ffd11c503bed300015029272378f1f1365a5"
  integrity sha1-qfL/0RxQO+0wABUCknI3jx8TZaU=
  dependencies:
    filename-reserved-regex "^1.0.0"
    strip-outer "^1.0.0"
    trim-repeated "^1.0.0"

fs-extra@^7.0.0:
  version "7.0.0"
  resolved "https://registry.yarnpkg.com/fs-extra/-/fs-extra-7.0.0.tgz#8cc3f47ce07ef7b3593a11b9fb245f7e34c041d6"
  integrity sha1-jMP0fOB+97NZOhG5+yRffjTAQdY=
  dependencies:
    graceful-fs "^4.1.2"
    jsonfile "^4.0.0"
    universalify "^0.1.0"

fs.realpath@^1.0.0:
  version "1.0.0"
  resolved "https://martifactory.io/api/npm/virtual-npm/fs.realpath/-/fs.realpath-1.0.0.tgz#1504ad2523158caa40db4a2787cb01411994ea4f"
  integrity sha1-FQStJSMVjKpA20onh8sBQRmU6k8=

gh-pages@^2.0.1:
  version "2.0.1"
  resolved "https://registry.yarnpkg.com/gh-pages/-/gh-pages-2.0.1.tgz#aefe47a43b8d9d2aa3130576b33fe95641e29a2f"
  integrity sha1-rv5HpDuNnSqjEwV2sz/pVkHimi8=
  dependencies:
    async "^2.6.1"
    commander "^2.18.0"
    email-addresses "^3.0.1"
    filenamify-url "^1.0.0"
    fs-extra "^7.0.0"
    globby "^6.1.0"
    graceful-fs "^4.1.11"
    rimraf "^2.6.2"

glob@^7.0.0, glob@^7.0.3, glob@^7.0.5:
  version "7.1.3"
  resolved "https://martifactory.io/api/npm/virtual-npm/glob/-/glob-7.1.3.tgz#3960832d3f1574108342dafd3a67b332c0969df1"
  integrity sha1-OWCDLT8VdBCDQtr9OmezMsCWnfE=
  dependencies:
    fs.realpath "^1.0.0"
    inflight "^1.0.4"
    inherits "2"
    minimatch "^3.0.4"
    once "^1.3.0"
    path-is-absolute "^1.0.0"

globby@^6.1.0:
  version "6.1.0"
  resolved "https://martifactory.io/api/npm/virtual-npm/globby/-/globby-6.1.0.tgz#f5a6d70e8395e21c858fb0489d64df02424d506c"
  integrity sha1-9abXDoOV4hyFj7BInWTfAkJNUGw=
  dependencies:
    array-union "^1.0.1"
    glob "^7.0.3"
    object-assign "^4.0.1"
    pify "^2.0.0"
    pinkie-promise "^2.0.0"

graceful-fs@^4.1.11, graceful-fs@^4.1.2, graceful-fs@^4.1.6:
  version "4.1.11"
  resolved "https://registry.yarnpkg.com/graceful-fs/-/graceful-fs-4.1.11.tgz#0e8bdfe4d1ddb8854d64e04ea7c00e2a026e5658"
  integrity sha1-Dovf5NHduIVNZOBOp8AOKgJuVlg=

has-flag@^3.0.0:
  version "3.0.0"
  resolved "https://martifactory.io/api/npm/virtual-npm/has-flag/-/has-flag-3.0.0.tgz#b5d454dc2199ae225699f3467e5a07f3b955bafd"
  integrity sha1-tdRU3CGZriJWmfNGfloH87lVuv0=

humanize-url@^1.0.0:
  version "1.0.1"
  resolved "https://martifactory.io/api/npm/virtual-npm/humanize-url/-/humanize-url-1.0.1.tgz#f4ab99e0d288174ca4e1e50407c55fbae464efff"
  integrity sha1-9KuZ4NKIF0yk4eUEB8VfuuRk7/8=
  dependencies:
    normalize-url "^1.0.0"
    strip-url-auth "^1.0.0"

inflight@^1.0.4:
  version "1.0.6"
  resolved "https://martifactory.io/api/npm/virtual-npm/inflight/-/inflight-1.0.6.tgz#49bd6331d7d02d0c09bc910a1075ba8165b56df9"
  integrity sha1-Sb1jMdfQLQwJvJEKEHW6gWW1bfk=
  dependencies:
    once "^1.3.0"
    wrappy "1"

inherits@2:
  version "2.0.3"
  resolved "https://martifactory.io/api/npm/virtual-npm/inherits/-/inherits-2.0.3.tgz#633c2c83e3da42a502f52466022480f4208261de"
  integrity sha1-Yzwsg+PaQqUC9SRmAiSA9CCCYd4=

interpret@^1.0.0:
  version "1.1.0"
  resolved "https://martifactory.io/api/npm/virtual-npm/interpret/-/interpret-1.1.0.tgz#7ed1b1410c6a0e0f78cf95d3b8440c63f78b8614"
  integrity sha1-ftGxQQxqDg94z5XTuEQMY/eLhhQ=

is-plain-obj@^1.0.0:
  version "1.1.0"
  resolved "https://martifactory.io/api/npm/virtual-npm/is-plain-obj/-/is-plain-obj-1.1.0.tgz#71a50c8429dfca773c92a390a4a03b39fcd51d3e"
  integrity sha1-caUMhCnfync8kqOQpKA7OfzVHT4=

jsonfile@^4.0.0:
  version "4.0.0"
  resolved "https://martifactory.io/api/npm/virtual-npm/jsonfile/-/jsonfile-4.0.0.tgz#8771aae0799b64076b76640fca058f9c10e33ecb"
  integrity sha1-h3Gq4HmbZAdrdmQPygWPnBDjPss=
  optionalDependencies:
    graceful-fs "^4.1.6"

lodash@^4.17.10:
  version "4.17.11"
  resolved "https://martifactory.io/api/npm/virtual-npm/lodash/-/lodash-4.17.11.tgz#b39ea6229ef607ecd89e2c8df12536891cac9b8d"
  integrity sha1-s56mIp72B+zYniyN8SU2iRysm40=

minimatch@^3.0.4:
  version "3.0.4"
  resolved "https://martifactory.io/api/npm/virtual-npm/minimatch/-/minimatch-3.0.4.tgz#5166e286457f03306064be5497e8dbb0c3d32083"
  integrity sha1-UWbihkV/AzBgZL5Ul+jbsMPTIIM=
  dependencies:
    brace-expansion "^1.1.7"

mri@^1.1.1:
  version "1.1.1"
  resolved "https://martifactory.io/api/npm/virtual-npm/mri/-/mri-1.1.1.tgz#85aa26d3daeeeedf80dc5984af95cc5ca5cad9f1"
  integrity sha1-haom09ru7t+A3FmEr5XMXKXK2fE=

normalize-url@^1.0.0:
  version "1.9.1"
  resolved "https://martifactory.io/api/npm/virtual-npm/normalize-url/-/normalize-url-1.9.1.tgz#2cc0d66b31ea23036458436e3620d85954c66c3c"
  integrity sha1-LMDWazHqIwNkWENuNiDYWVTGbDw=
  dependencies:
    object-assign "^4.0.1"
    prepend-http "^1.0.0"
    query-string "^4.1.0"
    sort-keys "^1.0.0"

object-assign@^4.0.1, object-assign@^4.1.0:
  version "4.1.1"
  resolved "https://martifactory.io/api/npm/virtual-npm/object-assign/-/object-assign-4.1.1.tgz#2109adc7965887cfc05cbbd442cac8bfbb360863"
  integrity sha1-IQmtx5ZYh8/AXLvUQsrIv7s2CGM=

once@^1.3.0:
  version "1.4.0"
  resolved "https://martifactory.io/api/npm/virtual-npm/once/-/once-1.4.0.tgz#583b1aa775961d4b113ac17d9c50baef9dd76bd1"
  integrity sha1-WDsap3WWHUsROsF9nFC6753Xa9E=
  dependencies:
    wrappy "1"

path-is-absolute@^1.0.0:
  version "1.0.1"
  resolved "https://martifactory.io/api/npm/virtual-npm/path-is-absolute/-/path-is-absolute-1.0.1.tgz#174b9268735534ffbc7ace6bf53a5a9e1b5c5f5f"
  integrity sha1-F0uSaHNVNP+8es5r9TpanhtcX18=

path-parse@^1.0.5:
  version "1.0.6"
  resolved "https://martifactory.io/api/npm/virtual-npm/path-parse/-/path-parse-1.0.6.tgz#d62dbb5679405d72c4737ec58600e9ddcf06d24c"
  integrity sha1-1i27VnlAXXLEc37FhgDp3c8G0kw=

pify@^2.0.0:
  version "2.3.0"
  resolved "https://martifactory.io/api/npm/virtual-npm/pify/-/pify-2.3.0.tgz#ed141a6ac043a849ea588498e7dca8b15330e90c"
  integrity sha1-7RQaasBDqEnqWISY59yosVMw6Qw=

pinkie-promise@^2.0.0:
  version "2.0.1"
  resolved "https://martifactory.io/api/npm/virtual-npm/pinkie-promise/-/pinkie-promise-2.0.1.tgz#2135d6dfa7a358c069ac9b178776288228450ffa"
  integrity sha1-ITXW36ejWMBprJsXh3YogihFD/o=
  dependencies:
    pinkie "^2.0.0"

pinkie@^2.0.0:
  version "2.0.4"
  resolved "https://martifactory.io/api/npm/virtual-npm/pinkie/-/pinkie-2.0.4.tgz#72556b80cfa0d48a974e80e77248e80ed4f7f870"
  integrity sha1-clVrgM+g1IqXToDnckjoDtT3+HA=

prepend-http@^1.0.0:
  version "1.0.4"
  resolved "https://martifactory.io/api/npm/virtual-npm/prepend-http/-/prepend-http-1.0.4.tgz#d4f4562b0ce3696e41ac52d0e002e57a635dc6dc"
  integrity sha1-1PRWKwzjaW5BrFLQ4ALlemNdxtw=

query-string@^4.1.0:
  version "4.3.4"
  resolved "https://martifactory.io/api/npm/virtual-npm/query-string/-/query-string-4.3.4.tgz#bbb693b9ca915c232515b228b1a02b609043dbeb"
  integrity sha1-u7aTucqRXCMlFbIosaArYJBD2+s=
  dependencies:
    object-assign "^4.1.0"
    strict-uri-encode "^1.0.0"

rechoir@^0.6.2:
  version "0.6.2"
  resolved "https://martifactory.io/api/npm/virtual-npm/rechoir/-/rechoir-0.6.2.tgz#85204b54dba82d5742e28c96756ef43af50e3384"
  integrity sha1-hSBLVNuoLVdC4oyWdW70OvUOM4Q=
  dependencies:
    resolve "^1.1.6"

resolve@^1.1.6:
  version "1.8.1"
  resolved "https://martifactory.io/api/npm/virtual-npm/resolve/-/resolve-1.8.1.tgz#82f1ec19a423ac1fbd080b0bab06ba36e84a7a26"
  integrity sha1-gvHsGaQjrB+9CAsLqwa6NuhKeiY=
  dependencies:
    path-parse "^1.0.5"

rimraf@^2.6.2:
  version "2.6.2"
  resolved "https://martifactory.io/api/npm/virtual-npm/rimraf/-/rimraf-2.6.2.tgz#2ed8150d24a16ea8651e6d6ef0f47c4158ce7a36"
  integrity sha1-LtgVDSShbqhlHm1u8PR8QVjOejY=
  dependencies:
    glob "^7.0.5"

shelljs@^0.8.2:
  version "0.8.2"
  resolved "https://martifactory.io/api/npm/virtual-npm/shelljs/-/shelljs-0.8.2.tgz#345b7df7763f4c2340d584abb532c5f752ca9e35"
  integrity sha1-NFt993Y/TCNA1YSrtTLF91LKnjU=
  dependencies:
    glob "^7.0.0"
    interpret "^1.0.0"
    rechoir "^0.6.2"

sort-keys@^1.0.0:
  version "1.1.2"
  resolved "https://martifactory.io/api/npm/virtual-npm/sort-keys/-/sort-keys-1.1.2.tgz#441b6d4d346798f1b4e49e8920adfba0e543f9ad"
  integrity sha1-RBttTTRnmPG05J6JIK37oOVD+a0=
  dependencies:
    is-plain-obj "^1.0.0"

strict-uri-encode@^1.0.0:
  version "1.1.0"
  resolved "https://martifactory.io/api/npm/virtual-npm/strict-uri-encode/-/strict-uri-encode-1.1.0.tgz#279b225df1d582b1f54e65addd4352e18faa0713"
  integrity sha1-J5siXfHVgrH1TmWt3UNS4Y+qBxM=

strip-outer@^1.0.0:
  version "1.0.1"
  resolved "https://martifactory.io/api/npm/virtual-npm/strip-outer/-/strip-outer-1.0.1.tgz#b2fd2abf6604b9d1e6013057195df836b8a9d631"
  integrity sha1-sv0qv2YEudHmATBXGV34Nrip1jE=
  dependencies:
    escape-string-regexp "^1.0.2"

strip-url-auth@^1.0.0:
  version "1.0.1"
  resolved "https://martifactory.io/api/npm/virtual-npm/strip-url-auth/-/strip-url-auth-1.0.1.tgz#22b0fa3a41385b33be3f331551bbb837fa0cd7ae"
  integrity sha1-IrD6OkE4WzO+PzMVUbu4N/oM164=

supports-color@^5.3.0:
  version "5.5.0"
  resolved "https://martifactory.io/api/npm/virtual-npm/supports-color/-/supports-color-5.5.0.tgz#e2e69a44ac8772f78a1ec0b35b689df6530efc8f"
  integrity sha1-4uaaRKyHcveKHsCzW2id9lMO/I8=
  dependencies:
    has-flag "^3.0.0"

trim-repeated@^1.0.0:
  version "1.0.0"
  resolved "https://martifactory.io/api/npm/virtual-npm/trim-repeated/-/trim-repeated-1.0.0.tgz#e3646a2ea4e891312bf7eace6cfb05380bc01c21"
  integrity sha1-42RqLqTokTEr9+rObPsFOAvAHCE=
  dependencies:
    escape-string-regexp "^1.0.2"

universalify@^0.1.0:
  version "0.1.2"
  resolved "https://martifactory.io/api/npm/virtual-npm/universalify/-/universalify-0.1.2.tgz#b646f69be3942dabcecc9d6639c80dc105efaa66"
  integrity sha1-tkb2m+OULavOzJ1mOcgNwQXvqmY=

wrappy@1:
  version "1.0.2"
  resolved "https://martifactory.io/api/npm/virtual-npm/wrappy/-/wrappy-1.0.2.tgz#b5243d8f3ec1aa35f1364605bc0d1036e30ab69f"
  integrity sha1-tSQ9jz7BqjXxNkYFvA0QNuMKtp8=
